// !$*UTF8*$!
{
	archiveVersion = 1;
	classes = {
	};
	objectVersion = 55;
	objects = {

/* Begin PBXBuildFile section */
		B57E9633282F508A001E7C31 /* AppDelegate.swift in Sources */ = {isa = PBXBuildFile; fileRef = B57E9632282F508A001E7C31 /* AppDelegate.swift */; };
		B57E9635282F508A001E7C31 /* SceneDelegate.swift in Sources */ = {isa = PBXBuildFile; fileRef = B57E9634282F508A001E7C31 /* SceneDelegate.swift */; };
		B57E9637282F508A001E7C31 /* ViewController.swift in Sources */ = {isa = PBXBuildFile; fileRef = B57E9636282F508A001E7C31 /* ViewController.swift */; };
		B57E963A282F508A001E7C31 /* Main.storyboard in Resources */ = {isa = PBXBuildFile; fileRef = B57E9638282F508A001E7C31 /* Main.storyboard */; };
		B57E963C282F508B001E7C31 /* Assets.xcassets in Resources */ = {isa = PBXBuildFile; fileRef = B57E963B282F508B001E7C31 /* Assets.xcassets */; };
		B57E963F282F508B001E7C31 /* LaunchScreen.storyboard in Resources */ = {isa = PBXBuildFile; fileRef = B57E963D282F508B001E7C31 /* LaunchScreen.storyboard */; };
		B57E964A282F508B001E7C31 /* weatherTests.swift in Sources */ = {isa = PBXBuildFile; fileRef = B57E9649282F508B001E7C31 /* weatherTests.swift */; };
		B57E9669282F51CB001E7C31 /* WidgetKit.framework in Frameworks */ = {isa = PBXBuildFile; fileRef = B57E9668282F51CB001E7C31 /* WidgetKit.framework */; };
		B57E966B282F51CB001E7C31 /* SwiftUI.framework in Frameworks */ = {isa = PBXBuildFile; fileRef = B57E966A282F51CB001E7C31 /* SwiftUI.framework */; };
		B57E966E282F51CB001E7C31 /* WeatherWidget.swift in Sources */ = {isa = PBXBuildFile; fileRef = B57E966D282F51CB001E7C31 /* WeatherWidget.swift */; };
		B57E9670282F51CC001E7C31 /* Assets.xcassets in Resources */ = {isa = PBXBuildFile; fileRef = B57E966F282F51CC001E7C31 /* Assets.xcassets */; };
		B57E9674282F51CC001E7C31 /* weatherwidgetExtension.appex in Embed App Extensions */ = {isa = PBXBuildFile; fileRef = B57E9666282F51CB001E7C31 /* weatherwidgetExtension.appex */; settings = {ATTRIBUTES = (RemoveHeadersOnCopy, ); }; };
		B57E967C283003FC001E7C31 /* URLSession.extension.swift in Sources */ = {isa = PBXBuildFile; fileRef = B57E967B283003FC001E7C31 /* URLSession.extension.swift */; };
		B57E967F2830C4BB001E7C31 /* LocationManager.swift in Sources */ = {isa = PBXBuildFile; fileRef = B57E967D2830BE36001E7C31 /* LocationManager.swift */; };
		B57E96832830D5D4001E7C31 /* Weather.swift in Sources */ = {isa = PBXBuildFile; fileRef = B57E96822830D5D4001E7C31 /* Weather.swift */; };
		B57E96852830D616001E7C31 /* CurrentWeatherResponse.swift in Sources */ = {isa = PBXBuildFile; fileRef = B57E96842830D616001E7C31 /* CurrentWeatherResponse.swift */; };
		B57E96882830D65F001E7C31 /* WeatherCategory.swift in Sources */ = {isa = PBXBuildFile; fileRef = B57E96872830D65F001E7C31 /* WeatherCategory.swift */; };
		B57E968A2830D68A001E7C31 /* LocationDTO.swift in Sources */ = {isa = PBXBuildFile; fileRef = B57E96892830D68A001E7C31 /* LocationDTO.swift */; };
		B57E968D2830D713001E7C31 /* SmallWeatherWidget.swift in Sources */ = {isa = PBXBuildFile; fileRef = B57E968C2830D713001E7C31 /* SmallWeatherWidget.swift */; };
		B57E968F2830D725001E7C31 /* MediumWeatherWidget.swift in Sources */ = {isa = PBXBuildFile; fileRef = B57E968E2830D725001E7C31 /* MediumWeatherWidget.swift */; };
		B57E96912830D734001E7C31 /* LargeWeatherWidget.swift in Sources */ = {isa = PBXBuildFile; fileRef = B57E96902830D734001E7C31 /* LargeWeatherWidget.swift */; };
		B57E96952830EFCA001E7C31 /* AppMain.swift in Sources */ = {isa = PBXBuildFile; fileRef = B57E96942830EFCA001E7C31 /* AppMain.swift */; };
		B57E9697283101FF001E7C31 /* UIColor.extension.swift in Sources */ = {isa = PBXBuildFile; fileRef = B57E9696283101FF001E7C31 /* UIColor.extension.swift */; };
		B57E969A2831DC8A001E7C31 /* HomeViewController.swift in Sources */ = {isa = PBXBuildFile; fileRef = B57E96992831DC8A001E7C31 /* HomeViewController.swift */; };
		B57E969C2831DCAF001E7C31 /* HomeViewController.storyboard in Resources */ = {isa = PBXBuildFile; fileRef = B57E969B2831DCAF001E7C31 /* HomeViewController.storyboard */; };
		B57E969E2833B955001E7C31 /* WeatherWidgetsPageVC.swift in Sources */ = {isa = PBXBuildFile; fileRef = B57E969D2833B955001E7C31 /* WeatherWidgetsPageVC.swift */; };
		B57E96AC2833F48C001E7C31 /* LargeWidgetVC.storyboard in Resources */ = {isa = PBXBuildFile; fileRef = B57E96AB2833F48C001E7C31 /* LargeWidgetVC.storyboard */; };
		B57E96AE2833F914001E7C31 /* LargeWidgetVC.swift in Sources */ = {isa = PBXBuildFile; fileRef = B57E96AD2833F914001E7C31 /* LargeWidgetVC.swift */; };
		B57E96B02834884A001E7C31 /* MediumWidgetVC.swift in Sources */ = {isa = PBXBuildFile; fileRef = B57E96AF28348849001E7C31 /* MediumWidgetVC.swift */; };
		B57E96B228348858001E7C31 /* SmallWidgetVC.swift in Sources */ = {isa = PBXBuildFile; fileRef = B57E96B128348858001E7C31 /* SmallWidgetVC.swift */; };
		B57E96B4283488ED001E7C31 /* SmallWidgetVC.storyboard in Resources */ = {isa = PBXBuildFile; fileRef = B57E96B3283488ED001E7C31 /* SmallWidgetVC.storyboard */; };
		B57E96B628348900001E7C31 /* MediumWidgetVC.storyboard in Resources */ = {isa = PBXBuildFile; fileRef = B57E96B528348900001E7C31 /* MediumWidgetVC.storyboard */; };
		B57E96B928349A94001E7C31 /* WidgetVCProtocol.swift in Sources */ = {isa = PBXBuildFile; fileRef = B57E96B828349A94001E7C31 /* WidgetVCProtocol.swift */; };
/* End PBXBuildFile section */

/* Begin PBXContainerItemProxy section */
		B57E9646282F508B001E7C31 /* PBXContainerItemProxy */ = {
			isa = PBXContainerItemProxy;
			containerPortal = B57E9627282F508A001E7C31 /* Project object */;
			proxyType = 1;
			remoteGlobalIDString = B57E962E282F508A001E7C31;
			remoteInfo = weather;
		};
		B57E9672282F51CC001E7C31 /* PBXContainerItemProxy */ = {
			isa = PBXContainerItemProxy;
			containerPortal = B57E9627282F508A001E7C31 /* Project object */;
			proxyType = 1;
			remoteGlobalIDString = B57E9665282F51CB001E7C31;
			remoteInfo = weatherwidgetExtension;
		};
/* End PBXContainerItemProxy section */

/* Begin PBXCopyFilesBuildPhase section */
		B57E9678282F51CC001E7C31 /* Embed App Extensions */ = {
			isa = PBXCopyFilesBuildPhase;
			buildActionMask = 2147483647;
			dstPath = "";
			dstSubfolderSpec = 13;
			files = (
				B57E9674282F51CC001E7C31 /* weatherwidgetExtension.appex in Embed App Extensions */,
			);
			name = "Embed App Extensions";
			runOnlyForDeploymentPostprocessing = 0;
		};
/* End PBXCopyFilesBuildPhase section */

/* Begin PBXFileReference section */
		B57E962F282F508A001E7C31 /* weather.app */ = {isa = PBXFileReference; explicitFileType = wrapper.application; includeInIndex = 0; path = weather.app; sourceTree = BUILT_PRODUCTS_DIR; };
		B57E9632282F508A001E7C31 /* AppDelegate.swift */ = {isa = PBXFileReference; lastKnownFileType = sourcecode.swift; path = AppDelegate.swift; sourceTree = "<group>"; };
		B57E9634282F508A001E7C31 /* SceneDelegate.swift */ = {isa = PBXFileReference; lastKnownFileType = sourcecode.swift; path = SceneDelegate.swift; sourceTree = "<group>"; };
		B57E9636282F508A001E7C31 /* ViewController.swift */ = {isa = PBXFileReference; lastKnownFileType = sourcecode.swift; path = ViewController.swift; sourceTree = "<group>"; };
		B57E9639282F508A001E7C31 /* Base */ = {isa = PBXFileReference; lastKnownFileType = file.storyboard; name = Base; path = Base.lproj/Main.storyboard; sourceTree = "<group>"; };
		B57E963B282F508B001E7C31 /* Assets.xcassets */ = {isa = PBXFileReference; lastKnownFileType = folder.assetcatalog; path = Assets.xcassets; sourceTree = "<group>"; };
		B57E963E282F508B001E7C31 /* Base */ = {isa = PBXFileReference; lastKnownFileType = file.storyboard; name = Base; path = Base.lproj/LaunchScreen.storyboard; sourceTree = "<group>"; };
		B57E9640282F508B001E7C31 /* Info.plist */ = {isa = PBXFileReference; lastKnownFileType = text.plist.xml; path = Info.plist; sourceTree = "<group>"; };
		B57E9645282F508B001E7C31 /* weatherTests.xctest */ = {isa = PBXFileReference; explicitFileType = wrapper.cfbundle; includeInIndex = 0; path = weatherTests.xctest; sourceTree = BUILT_PRODUCTS_DIR; };
		B57E9649282F508B001E7C31 /* weatherTests.swift */ = {isa = PBXFileReference; lastKnownFileType = sourcecode.swift; path = weatherTests.swift; sourceTree = "<group>"; };
		B57E9666282F51CB001E7C31 /* weatherwidgetExtension.appex */ = {isa = PBXFileReference; explicitFileType = "wrapper.app-extension"; includeInIndex = 0; path = weatherwidgetExtension.appex; sourceTree = BUILT_PRODUCTS_DIR; };
		B57E9668282F51CB001E7C31 /* WidgetKit.framework */ = {isa = PBXFileReference; lastKnownFileType = wrapper.framework; name = WidgetKit.framework; path = System/Library/Frameworks/WidgetKit.framework; sourceTree = SDKROOT; };
		B57E966A282F51CB001E7C31 /* SwiftUI.framework */ = {isa = PBXFileReference; lastKnownFileType = wrapper.framework; name = SwiftUI.framework; path = System/Library/Frameworks/SwiftUI.framework; sourceTree = SDKROOT; };
		B57E966D282F51CB001E7C31 /* WeatherWidget.swift */ = {isa = PBXFileReference; lastKnownFileType = sourcecode.swift; path = WeatherWidget.swift; sourceTree = "<group>"; };
		B57E966F282F51CC001E7C31 /* Assets.xcassets */ = {isa = PBXFileReference; lastKnownFileType = folder.assetcatalog; path = Assets.xcassets; sourceTree = "<group>"; };
		B57E9671282F51CC001E7C31 /* Info.plist */ = {isa = PBXFileReference; lastKnownFileType = text.plist.xml; path = Info.plist; sourceTree = "<group>"; };
		B57E967B283003FC001E7C31 /* URLSession.extension.swift */ = {isa = PBXFileReference; lastKnownFileType = sourcecode.swift; path = URLSession.extension.swift; sourceTree = "<group>"; };
		B57E967D2830BE36001E7C31 /* LocationManager.swift */ = {isa = PBXFileReference; lastKnownFileType = sourcecode.swift; path = LocationManager.swift; sourceTree = "<group>"; };
		B57E96822830D5D4001E7C31 /* Weather.swift */ = {isa = PBXFileReference; lastKnownFileType = sourcecode.swift; path = Weather.swift; sourceTree = "<group>"; };
		B57E96842830D616001E7C31 /* CurrentWeatherResponse.swift */ = {isa = PBXFileReference; lastKnownFileType = sourcecode.swift; path = CurrentWeatherResponse.swift; sourceTree = "<group>"; };
		B57E96872830D65F001E7C31 /* WeatherCategory.swift */ = {isa = PBXFileReference; lastKnownFileType = sourcecode.swift; path = WeatherCategory.swift; sourceTree = "<group>"; };
		B57E96892830D68A001E7C31 /* LocationDTO.swift */ = {isa = PBXFileReference; lastKnownFileType = sourcecode.swift; path = LocationDTO.swift; sourceTree = "<group>"; };
		B57E968C2830D713001E7C31 /* SmallWeatherWidget.swift */ = {isa = PBXFileReference; lastKnownFileType = sourcecode.swift; path = SmallWeatherWidget.swift; sourceTree = "<group>"; };
		B57E968E2830D725001E7C31 /* MediumWeatherWidget.swift */ = {isa = PBXFileReference; lastKnownFileType = sourcecode.swift; path = MediumWeatherWidget.swift; sourceTree = "<group>"; };
		B57E96902830D734001E7C31 /* LargeWeatherWidget.swift */ = {isa = PBXFileReference; lastKnownFileType = sourcecode.swift; path = LargeWeatherWidget.swift; sourceTree = "<group>"; };
		B57E96942830EFCA001E7C31 /* AppMain.swift */ = {isa = PBXFileReference; lastKnownFileType = sourcecode.swift; path = AppMain.swift; sourceTree = "<group>"; };
		B57E9696283101FF001E7C31 /* UIColor.extension.swift */ = {isa = PBXFileReference; lastKnownFileType = sourcecode.swift; path = UIColor.extension.swift; sourceTree = "<group>"; };
		B57E96992831DC8A001E7C31 /* HomeViewController.swift */ = {isa = PBXFileReference; lastKnownFileType = sourcecode.swift; path = HomeViewController.swift; sourceTree = "<group>"; };
		B57E969B2831DCAF001E7C31 /* HomeViewController.storyboard */ = {isa = PBXFileReference; lastKnownFileType = file.storyboard; path = HomeViewController.storyboard; sourceTree = "<group>"; };
		B57E969D2833B955001E7C31 /* WeatherWidgetsPageVC.swift */ = {isa = PBXFileReference; lastKnownFileType = sourcecode.swift; path = WeatherWidgetsPageVC.swift; sourceTree = "<group>"; };
		B57E96AB2833F48C001E7C31 /* LargeWidgetVC.storyboard */ = {isa = PBXFileReference; lastKnownFileType = file.storyboard; path = LargeWidgetVC.storyboard; sourceTree = "<group>"; };
		B57E96AD2833F914001E7C31 /* LargeWidgetVC.swift */ = {isa = PBXFileReference; lastKnownFileType = sourcecode.swift; path = LargeWidgetVC.swift; sourceTree = "<group>"; };
		B57E96AF28348849001E7C31 /* MediumWidgetVC.swift */ = {isa = PBXFileReference; lastKnownFileType = sourcecode.swift; path = MediumWidgetVC.swift; sourceTree = "<group>"; };
		B57E96B128348858001E7C31 /* SmallWidgetVC.swift */ = {isa = PBXFileReference; lastKnownFileType = sourcecode.swift; path = SmallWidgetVC.swift; sourceTree = "<group>"; };
		B57E96B3283488ED001E7C31 /* SmallWidgetVC.storyboard */ = {isa = PBXFileReference; lastKnownFileType = file.storyboard; path = SmallWidgetVC.storyboard; sourceTree = "<group>"; };
		B57E96B528348900001E7C31 /* MediumWidgetVC.storyboard */ = {isa = PBXFileReference; lastKnownFileType = file.storyboard; path = MediumWidgetVC.storyboard; sourceTree = "<group>"; };
		B57E96B828349A94001E7C31 /* WidgetVCProtocol.swift */ = {isa = PBXFileReference; lastKnownFileType = sourcecode.swift; path = WidgetVCProtocol.swift; sourceTree = "<group>"; };
/* End PBXFileReference section */

/* Begin PBXFrameworksBuildPhase section */
		B57E962C282F508A001E7C31 /* Frameworks */ = {
			isa = PBXFrameworksBuildPhase;
			buildActionMask = 2147483647;
			files = (
			);
			runOnlyForDeploymentPostprocessing = 0;
		};
		B57E9642282F508B001E7C31 /* Frameworks */ = {
			isa = PBXFrameworksBuildPhase;
			buildActionMask = 2147483647;
			files = (
			);
			runOnlyForDeploymentPostprocessing = 0;
		};
		B57E9663282F51CB001E7C31 /* Frameworks */ = {
			isa = PBXFrameworksBuildPhase;
			buildActionMask = 2147483647;
			files = (
				B57E966B282F51CB001E7C31 /* SwiftUI.framework in Frameworks */,
				B57E9669282F51CB001E7C31 /* WidgetKit.framework in Frameworks */,
			);
			runOnlyForDeploymentPostprocessing = 0;
		};
/* End PBXFrameworksBuildPhase section */

/* Begin PBXGroup section */
		B57E9626282F508A001E7C31 = {
			isa = PBXGroup;
			children = (
				B57E9631282F508A001E7C31 /* weather */,
				B57E9648282F508B001E7C31 /* weatherTests */,
				B57E966C282F51CB001E7C31 /* weatherwidget */,
				B57E9667282F51CB001E7C31 /* Frameworks */,
				B57E9630282F508A001E7C31 /* Products */,
			);
			sourceTree = "<group>";
		};
		B57E9630282F508A001E7C31 /* Products */ = {
			isa = PBXGroup;
			children = (
				B57E962F282F508A001E7C31 /* weather.app */,
				B57E9645282F508B001E7C31 /* weatherTests.xctest */,
				B57E9666282F51CB001E7C31 /* weatherwidgetExtension.appex */,
			);
			name = Products;
			sourceTree = "<group>";
		};
		B57E9631282F508A001E7C31 /* weather */ = {
			isa = PBXGroup;
			children = (
				B57E969828310279001E7C31 /* Extension */,
				B57E96932830EEC4001E7C31 /* Common */,
				B57E96922830EE2A001E7C31 /* View */,
				B57E9632282F508A001E7C31 /* AppDelegate.swift */,
				B57E9634282F508A001E7C31 /* SceneDelegate.swift */,
				B57E9636282F508A001E7C31 /* ViewController.swift */,
				B57E9638282F508A001E7C31 /* Main.storyboard */,
				B57E963B282F508B001E7C31 /* Assets.xcassets */,
				B57E963D282F508B001E7C31 /* LaunchScreen.storyboard */,
				B57E9640282F508B001E7C31 /* Info.plist */,
			);
			path = weather;
			sourceTree = "<group>";
		};
		B57E9648282F508B001E7C31 /* weatherTests */ = {
			isa = PBXGroup;
			children = (
				B57E9649282F508B001E7C31 /* weatherTests.swift */,
			);
			path = weatherTests;
			sourceTree = "<group>";
		};
		B57E9667282F51CB001E7C31 /* Frameworks */ = {
			isa = PBXGroup;
			children = (
				B57E9668282F51CB001E7C31 /* WidgetKit.framework */,
				B57E966A282F51CB001E7C31 /* SwiftUI.framework */,
			);
			name = Frameworks;
			sourceTree = "<group>";
		};
		B57E966C282F51CB001E7C31 /* weatherwidget */ = {
			isa = PBXGroup;
			children = (
				B57E967D2830BE36001E7C31 /* LocationManager.swift */,
				B57E967A282FF7DD001E7C31 /* Infra */,
				B57E968B2830D6BF001E7C31 /* View */,
				B57E9679282FF7B8001E7C31 /* Entity */,
				B57E96862830D644001E7C31 /* DTO */,
				B57E966D282F51CB001E7C31 /* WeatherWidget.swift */,
				B57E966F282F51CC001E7C31 /* Assets.xcassets */,
				B57E9671282F51CC001E7C31 /* Info.plist */,
			);
			path = weatherwidget;
			sourceTree = "<group>";
		};
		B57E9679282FF7B8001E7C31 /* Entity */ = {
			isa = PBXGroup;
			children = (
				B57E96822830D5D4001E7C31 /* Weather.swift */,
				B57E96842830D616001E7C31 /* CurrentWeatherResponse.swift */,
			);
			path = Entity;
			sourceTree = "<group>";
		};
		B57E967A282FF7DD001E7C31 /* Infra */ = {
			isa = PBXGroup;
			children = (
				B57E967B283003FC001E7C31 /* URLSession.extension.swift */,
			);
			path = Infra;
			sourceTree = "<group>";
		};
		B57E96862830D644001E7C31 /* DTO */ = {
			isa = PBXGroup;
			children = (
				B57E96872830D65F001E7C31 /* WeatherCategory.swift */,
				B57E96892830D68A001E7C31 /* LocationDTO.swift */,
			);
			path = DTO;
			sourceTree = "<group>";
		};
		B57E968B2830D6BF001E7C31 /* View */ = {
			isa = PBXGroup;
			children = (
				B57E968C2830D713001E7C31 /* SmallWeatherWidget.swift */,
				B57E968E2830D725001E7C31 /* MediumWeatherWidget.swift */,
				B57E96902830D734001E7C31 /* LargeWeatherWidget.swift */,
			);
			path = View;
			sourceTree = "<group>";
		};
		B57E96922830EE2A001E7C31 /* View */ = {
			isa = PBXGroup;
			children = (
				B57E96B728349787001E7C31 /* Widget */,
				B57E96992831DC8A001E7C31 /* HomeViewController.swift */,
				B57E969B2831DCAF001E7C31 /* HomeViewController.storyboard */,
				B57E969D2833B955001E7C31 /* WeatherWidgetsPageVC.swift */,
			);
			path = View;
			sourceTree = "<group>";
		};
		B57E96932830EEC4001E7C31 /* Common */ = {
			isa = PBXGroup;
			children = (
				B57E96942830EFCA001E7C31 /* AppMain.swift */,
			);
			path = Common;
			sourceTree = "<group>";
		};
		B57E969828310279001E7C31 /* Extension */ = {
			isa = PBXGroup;
			children = (
				B57E9696283101FF001E7C31 /* UIColor.extension.swift */,
			);
			path = Extension;
			sourceTree = "<group>";
		};
		B57E96B728349787001E7C31 /* Widget */ = {
			isa = PBXGroup;
			children = (
				B57E96AD2833F914001E7C31 /* LargeWidgetVC.swift */,
				B57E96AB2833F48C001E7C31 /* LargeWidgetVC.storyboard */,
				B57E96AF28348849001E7C31 /* MediumWidgetVC.swift */,
				B57E96B528348900001E7C31 /* MediumWidgetVC.storyboard */,
				B57E96B128348858001E7C31 /* SmallWidgetVC.swift */,
				B57E96B3283488ED001E7C31 /* SmallWidgetVC.storyboard */,
				B57E96B828349A94001E7C31 /* WidgetVCProtocol.swift */,
			);
			path = Widget;
			sourceTree = "<group>";
		};
/* End PBXGroup section */

/* Begin PBXNativeTarget section */
		B57E962E282F508A001E7C31 /* weather */ = {
			isa = PBXNativeTarget;
			buildConfigurationList = B57E9659282F508B001E7C31 /* Build configuration list for PBXNativeTarget "weather" */;
			buildPhases = (
				B57E962B282F508A001E7C31 /* Sources */,
				B57E962C282F508A001E7C31 /* Frameworks */,
				B57E962D282F508A001E7C31 /* Resources */,
				B57E9678282F51CC001E7C31 /* Embed App Extensions */,
			);
			buildRules = (
			);
			dependencies = (
				B57E9673282F51CC001E7C31 /* PBXTargetDependency */,
			);
			name = weather;
			productName = weather;
			productReference = B57E962F282F508A001E7C31 /* weather.app */;
			productType = "com.apple.product-type.application";
		};
		B57E9644282F508B001E7C31 /* weatherTests */ = {
			isa = PBXNativeTarget;
			buildConfigurationList = B57E965C282F508B001E7C31 /* Build configuration list for PBXNativeTarget "weatherTests" */;
			buildPhases = (
				B57E9641282F508B001E7C31 /* Sources */,
				B57E9642282F508B001E7C31 /* Frameworks */,
				B57E9643282F508B001E7C31 /* Resources */,
			);
			buildRules = (
			);
			dependencies = (
				B57E9647282F508B001E7C31 /* PBXTargetDependency */,
			);
			name = weatherTests;
			productName = weatherTests;
			productReference = B57E9645282F508B001E7C31 /* weatherTests.xctest */;
			productType = "com.apple.product-type.bundle.unit-test";
		};
		B57E9665282F51CB001E7C31 /* weatherwidgetExtension */ = {
			isa = PBXNativeTarget;
			buildConfigurationList = B57E9675282F51CC001E7C31 /* Build configuration list for PBXNativeTarget "weatherwidgetExtension" */;
			buildPhases = (
				B57E9662282F51CB001E7C31 /* Sources */,
				B57E9663282F51CB001E7C31 /* Frameworks */,
				B57E9664282F51CB001E7C31 /* Resources */,
			);
			buildRules = (
			);
			dependencies = (
			);
			name = weatherwidgetExtension;
			productName = weatherwidgetExtension;
			productReference = B57E9666282F51CB001E7C31 /* weatherwidgetExtension.appex */;
			productType = "com.apple.product-type.app-extension";
		};
/* End PBXNativeTarget section */

/* Begin PBXProject section */
		B57E9627282F508A001E7C31 /* Project object */ = {
			isa = PBXProject;
			attributes = {
				BuildIndependentTargetsInParallel = 1;
				LastSwiftUpdateCheck = 1310;
				LastUpgradeCheck = 1310;
				TargetAttributes = {
					B57E962E282F508A001E7C31 = {
						CreatedOnToolsVersion = 13.1;
					};
					B57E9644282F508B001E7C31 = {
						CreatedOnToolsVersion = 13.1;
						TestTargetID = B57E962E282F508A001E7C31;
					};
					B57E9665282F51CB001E7C31 = {
						CreatedOnToolsVersion = 13.1;
					};
				};
			};
			buildConfigurationList = B57E962A282F508A001E7C31 /* Build configuration list for PBXProject "weather" */;
			compatibilityVersion = "Xcode 13.0";
			developmentRegion = en;
			hasScannedForEncodings = 0;
			knownRegions = (
				en,
				Base,
			);
			mainGroup = B57E9626282F508A001E7C31;
			productRefGroup = B57E9630282F508A001E7C31 /* Products */;
			projectDirPath = "";
			projectRoot = "";
			targets = (
				B57E962E282F508A001E7C31 /* weather */,
				B57E9644282F508B001E7C31 /* weatherTests */,
				B57E9665282F51CB001E7C31 /* weatherwidgetExtension */,
			);
		};
/* End PBXProject section */

/* Begin PBXResourcesBuildPhase section */
		B57E962D282F508A001E7C31 /* Resources */ = {
			isa = PBXResourcesBuildPhase;
			buildActionMask = 2147483647;
			files = (
				B57E969C2831DCAF001E7C31 /* HomeViewController.storyboard in Resources */,
				B57E963F282F508B001E7C31 /* LaunchScreen.storyboard in Resources */,
				B57E963C282F508B001E7C31 /* Assets.xcassets in Resources */,
				B57E96B4283488ED001E7C31 /* SmallWidgetVC.storyboard in Resources */,
				B57E96B628348900001E7C31 /* MediumWidgetVC.storyboard in Resources */,
				B57E963A282F508A001E7C31 /* Main.storyboard in Resources */,
				B57E96AC2833F48C001E7C31 /* LargeWidgetVC.storyboard in Resources */,
			);
			runOnlyForDeploymentPostprocessing = 0;
		};
		B57E9643282F508B001E7C31 /* Resources */ = {
			isa = PBXResourcesBuildPhase;
			buildActionMask = 2147483647;
			files = (
			);
			runOnlyForDeploymentPostprocessing = 0;
		};
		B57E9664282F51CB001E7C31 /* Resources */ = {
			isa = PBXResourcesBuildPhase;
			buildActionMask = 2147483647;
			files = (
				B57E9670282F51CC001E7C31 /* Assets.xcassets in Resources */,
			);
			runOnlyForDeploymentPostprocessing = 0;
		};
/* End PBXResourcesBuildPhase section */

/* Begin PBXSourcesBuildPhase section */
		B57E962B282F508A001E7C31 /* Sources */ = {
			isa = PBXSourcesBuildPhase;
			buildActionMask = 2147483647;
			files = (
				B57E96B02834884A001E7C31 /* MediumWidgetVC.swift in Sources */,
				B57E9697283101FF001E7C31 /* UIColor.extension.swift in Sources */,
				B57E9637282F508A001E7C31 /* ViewController.swift in Sources */,
				B57E969E2833B955001E7C31 /* WeatherWidgetsPageVC.swift in Sources */,
				B57E9633282F508A001E7C31 /* AppDelegate.swift in Sources */,
				B57E96952830EFCA001E7C31 /* AppMain.swift in Sources */,
				B57E96B228348858001E7C31 /* SmallWidgetVC.swift in Sources */,
				B57E96B928349A94001E7C31 /* WidgetVCProtocol.swift in Sources */,
				B57E9635282F508A001E7C31 /* SceneDelegate.swift in Sources */,
				B57E96AE2833F914001E7C31 /* LargeWidgetVC.swift in Sources */,
				B57E969A2831DC8A001E7C31 /* HomeViewController.swift in Sources */,
			);
			runOnlyForDeploymentPostprocessing = 0;
		};
		B57E9641282F508B001E7C31 /* Sources */ = {
			isa = PBXSourcesBuildPhase;
			buildActionMask = 2147483647;
			files = (
				B57E964A282F508B001E7C31 /* weatherTests.swift in Sources */,
			);
			runOnlyForDeploymentPostprocessing = 0;
		};
		B57E9662282F51CB001E7C31 /* Sources */ = {
			isa = PBXSourcesBuildPhase;
			buildActionMask = 2147483647;
			files = (
				B57E968D2830D713001E7C31 /* SmallWeatherWidget.swift in Sources */,
				B57E96832830D5D4001E7C31 /* Weather.swift in Sources */,
				B57E966E282F51CB001E7C31 /* WeatherWidget.swift in Sources */,
				B57E96882830D65F001E7C31 /* WeatherCategory.swift in Sources */,
				B57E968A2830D68A001E7C31 /* LocationDTO.swift in Sources */,
				B57E968F2830D725001E7C31 /* MediumWeatherWidget.swift in Sources */,
				B57E96912830D734001E7C31 /* LargeWeatherWidget.swift in Sources */,
				B57E967C283003FC001E7C31 /* URLSession.extension.swift in Sources */,
				B57E967F2830C4BB001E7C31 /* LocationManager.swift in Sources */,
				B57E96852830D616001E7C31 /* CurrentWeatherResponse.swift in Sources */,
			);
			runOnlyForDeploymentPostprocessing = 0;
		};
/* End PBXSourcesBuildPhase section */

/* Begin PBXTargetDependency section */
		B57E9647282F508B001E7C31 /* PBXTargetDependency */ = {
			isa = PBXTargetDependency;
			target = B57E962E282F508A001E7C31 /* weather */;
			targetProxy = B57E9646282F508B001E7C31 /* PBXContainerItemProxy */;
		};
		B57E9673282F51CC001E7C31 /* PBXTargetDependency */ = {
			isa = PBXTargetDependency;
			target = B57E9665282F51CB001E7C31 /* weatherwidgetExtension */;
			targetProxy = B57E9672282F51CC001E7C31 /* PBXContainerItemProxy */;
		};
/* End PBXTargetDependency section */

/* Begin PBXVariantGroup section */
		B57E9638282F508A001E7C31 /* Main.storyboard */ = {
			isa = PBXVariantGroup;
			children = (
				B57E9639282F508A001E7C31 /* Base */,
			);
			name = Main.storyboard;
			sourceTree = "<group>";
		};
		B57E963D282F508B001E7C31 /* LaunchScreen.storyboard */ = {
			isa = PBXVariantGroup;
			children = (
				B57E963E282F508B001E7C31 /* Base */,
			);
			name = LaunchScreen.storyboard;
			sourceTree = "<group>";
		};
/* End PBXVariantGroup section */

/* Begin XCBuildConfiguration section */
		B57E9657282F508B001E7C31 /* Debug */ = {
			isa = XCBuildConfiguration;
			buildSettings = {
				ALWAYS_SEARCH_USER_PATHS = NO;
				CLANG_ANALYZER_NONNULL = YES;
				CLANG_ANALYZER_NUMBER_OBJECT_CONVERSION = YES_AGGRESSIVE;
				CLANG_CXX_LANGUAGE_STANDARD = "gnu++17";
				CLANG_CXX_LIBRARY = "libc++";
				CLANG_ENABLE_MODULES = YES;
				CLANG_ENABLE_OBJC_ARC = YES;
				CLANG_ENABLE_OBJC_WEAK = YES;
				CLANG_WARN_BLOCK_CAPTURE_AUTORELEASING = YES;
				CLANG_WARN_BOOL_CONVERSION = YES;
				CLANG_WARN_COMMA = YES;
				CLANG_WARN_CONSTANT_CONVERSION = YES;
				CLANG_WARN_DEPRECATED_OBJC_IMPLEMENTATIONS = YES;
				CLANG_WARN_DIRECT_OBJC_ISA_USAGE = YES_ERROR;
				CLANG_WARN_DOCUMENTATION_COMMENTS = YES;
				CLANG_WARN_EMPTY_BODY = YES;
				CLANG_WARN_ENUM_CONVERSION = YES;
				CLANG_WARN_INFINITE_RECURSION = YES;
				CLANG_WARN_INT_CONVERSION = YES;
				CLANG_WARN_NON_LITERAL_NULL_CONVERSION = YES;
				CLANG_WARN_OBJC_IMPLICIT_RETAIN_SELF = YES;
				CLANG_WARN_OBJC_LITERAL_CONVERSION = YES;
				CLANG_WARN_OBJC_ROOT_CLASS = YES_ERROR;
				CLANG_WARN_QUOTED_INCLUDE_IN_FRAMEWORK_HEADER = YES;
				CLANG_WARN_RANGE_LOOP_ANALYSIS = YES;
				CLANG_WARN_STRICT_PROTOTYPES = YES;
				CLANG_WARN_SUSPICIOUS_MOVE = YES;
				CLANG_WARN_UNGUARDED_AVAILABILITY = YES_AGGRESSIVE;
				CLANG_WARN_UNREACHABLE_CODE = YES;
				CLANG_WARN__DUPLICATE_METHOD_MATCH = YES;
				COPY_PHASE_STRIP = NO;
				DEBUG_INFORMATION_FORMAT = dwarf;
				ENABLE_STRICT_OBJC_MSGSEND = YES;
				ENABLE_TESTABILITY = YES;
				GCC_C_LANGUAGE_STANDARD = gnu11;
				GCC_DYNAMIC_NO_PIC = NO;
				GCC_NO_COMMON_BLOCKS = YES;
				GCC_OPTIMIZATION_LEVEL = 0;
				GCC_PREPROCESSOR_DEFINITIONS = (
					"DEBUG=1",
					"$(inherited)",
				);
				GCC_WARN_64_TO_32_BIT_CONVERSION = YES;
				GCC_WARN_ABOUT_RETURN_TYPE = YES_ERROR;
				GCC_WARN_UNDECLARED_SELECTOR = YES;
				GCC_WARN_UNINITIALIZED_AUTOS = YES_AGGRESSIVE;
				GCC_WARN_UNUSED_FUNCTION = YES;
				GCC_WARN_UNUSED_VARIABLE = YES;
				IPHONEOS_DEPLOYMENT_TARGET = 15.0;
				MTL_ENABLE_DEBUG_INFO = INCLUDE_SOURCE;
				MTL_FAST_MATH = YES;
				ONLY_ACTIVE_ARCH = YES;
				SDKROOT = iphoneos;
				SWIFT_ACTIVE_COMPILATION_CONDITIONS = DEBUG;
				SWIFT_OPTIMIZATION_LEVEL = "-Onone";
			};
			name = Debug;
		};
		B57E9658282F508B001E7C31 /* Release */ = {
			isa = XCBuildConfiguration;
			buildSettings = {
				ALWAYS_SEARCH_USER_PATHS = NO;
				CLANG_ANALYZER_NONNULL = YES;
				CLANG_ANALYZER_NUMBER_OBJECT_CONVERSION = YES_AGGRESSIVE;
				CLANG_CXX_LANGUAGE_STANDARD = "gnu++17";
				CLANG_CXX_LIBRARY = "libc++";
				CLANG_ENABLE_MODULES = YES;
				CLANG_ENABLE_OBJC_ARC = YES;
				CLANG_ENABLE_OBJC_WEAK = YES;
				CLANG_WARN_BLOCK_CAPTURE_AUTORELEASING = YES;
				CLANG_WARN_BOOL_CONVERSION = YES;
				CLANG_WARN_COMMA = YES;
				CLANG_WARN_CONSTANT_CONVERSION = YES;
				CLANG_WARN_DEPRECATED_OBJC_IMPLEMENTATIONS = YES;
				CLANG_WARN_DIRECT_OBJC_ISA_USAGE = YES_ERROR;
				CLANG_WARN_DOCUMENTATION_COMMENTS = YES;
				CLANG_WARN_EMPTY_BODY = YES;
				CLANG_WARN_ENUM_CONVERSION = YES;
				CLANG_WARN_INFINITE_RECURSION = YES;
				CLANG_WARN_INT_CONVERSION = YES;
				CLANG_WARN_NON_LITERAL_NULL_CONVERSION = YES;
				CLANG_WARN_OBJC_IMPLICIT_RETAIN_SELF = YES;
				CLANG_WARN_OBJC_LITERAL_CONVERSION = YES;
				CLANG_WARN_OBJC_ROOT_CLASS = YES_ERROR;
				CLANG_WARN_QUOTED_INCLUDE_IN_FRAMEWORK_HEADER = YES;
				CLANG_WARN_RANGE_LOOP_ANALYSIS = YES;
				CLANG_WARN_STRICT_PROTOTYPES = YES;
				CLANG_WARN_SUSPICIOUS_MOVE = YES;
				CLANG_WARN_UNGUARDED_AVAILABILITY = YES_AGGRESSIVE;
				CLANG_WARN_UNREACHABLE_CODE = YES;
				CLANG_WARN__DUPLICATE_METHOD_MATCH = YES;
				COPY_PHASE_STRIP = NO;
				DEBUG_INFORMATION_FORMAT = "dwarf-with-dsym";
				ENABLE_NS_ASSERTIONS = NO;
				ENABLE_STRICT_OBJC_MSGSEND = YES;
				GCC_C_LANGUAGE_STANDARD = gnu11;
				GCC_NO_COMMON_BLOCKS = YES;
				GCC_WARN_64_TO_32_BIT_CONVERSION = YES;
				GCC_WARN_ABOUT_RETURN_TYPE = YES_ERROR;
				GCC_WARN_UNDECLARED_SELECTOR = YES;
				GCC_WARN_UNINITIALIZED_AUTOS = YES_AGGRESSIVE;
				GCC_WARN_UNUSED_FUNCTION = YES;
				GCC_WARN_UNUSED_VARIABLE = YES;
				IPHONEOS_DEPLOYMENT_TARGET = 15.0;
				MTL_ENABLE_DEBUG_INFO = NO;
				MTL_FAST_MATH = YES;
				SDKROOT = iphoneos;
				SWIFT_COMPILATION_MODE = wholemodule;
				SWIFT_OPTIMIZATION_LEVEL = "-O";
				VALIDATE_PRODUCT = YES;
			};
			name = Release;
		};
		B57E965A282F508B001E7C31 /* Debug */ = {
			isa = XCBuildConfiguration;
			buildSettings = {
				ALWAYS_EMBED_SWIFT_STANDARD_LIBRARIES = YES;
				ASSETCATALOG_COMPILER_APPICON_NAME = AppIcon;
				ASSETCATALOG_COMPILER_GLOBAL_ACCENT_COLOR_NAME = AccentColor;
				CODE_SIGN_STYLE = Automatic;
				CURRENT_PROJECT_VERSION = 1;
				GENERATE_INFOPLIST_FILE = YES;
				INFOPLIST_FILE = weather/Info.plist;
				INFOPLIST_KEY_UIApplicationSupportsIndirectInputEvents = YES;
				INFOPLIST_KEY_UILaunchStoryboardName = LaunchScreen;
				INFOPLIST_KEY_UIMainStoryboardFile = Main;
				INFOPLIST_KEY_UISupportedInterfaceOrientations_iPad = "UIInterfaceOrientationPortrait UIInterfaceOrientationPortraitUpsideDown UIInterfaceOrientationLandscapeLeft UIInterfaceOrientationLandscapeRight";
				INFOPLIST_KEY_UISupportedInterfaceOrientations_iPhone = "UIInterfaceOrientationPortrait UIInterfaceOrientationLandscapeLeft UIInterfaceOrientationLandscapeRight";
				LD_RUNPATH_SEARCH_PATHS = (
					"$(inherited)",
					"@executable_path/Frameworks",
				);
				MARKETING_VERSION = 1.0;
				PRODUCT_BUNDLE_IDENTIFIER = benleung.weather;
				PRODUCT_NAME = "$(TARGET_NAME)";
				SWIFT_EMIT_LOC_STRINGS = YES;
				SWIFT_VERSION = 5.0;
				TARGETED_DEVICE_FAMILY = "1,2";
			};
			name = Debug;
		};
		B57E965B282F508B001E7C31 /* Release */ = {
			isa = XCBuildConfiguration;
			buildSettings = {
				ALWAYS_EMBED_SWIFT_STANDARD_LIBRARIES = YES;
				ASSETCATALOG_COMPILER_APPICON_NAME = AppIcon;
				ASSETCATALOG_COMPILER_GLOBAL_ACCENT_COLOR_NAME = AccentColor;
				CODE_SIGN_STYLE = Automatic;
				CURRENT_PROJECT_VERSION = 1;
				GENERATE_INFOPLIST_FILE = YES;
				INFOPLIST_FILE = weather/Info.plist;
				INFOPLIST_KEY_UIApplicationSupportsIndirectInputEvents = YES;
				INFOPLIST_KEY_UILaunchStoryboardName = LaunchScreen;
				INFOPLIST_KEY_UIMainStoryboardFile = Main;
				INFOPLIST_KEY_UISupportedInterfaceOrientations_iPad = "UIInterfaceOrientationPortrait UIInterfaceOrientationPortraitUpsideDown UIInterfaceOrientationLandscapeLeft UIInterfaceOrientationLandscapeRight";
				INFOPLIST_KEY_UISupportedInterfaceOrientations_iPhone = "UIInterfaceOrientationPortrait UIInterfaceOrientationLandscapeLeft UIInterfaceOrientationLandscapeRight";
				LD_RUNPATH_SEARCH_PATHS = (
					"$(inherited)",
					"@executable_path/Frameworks",
				);
				MARKETING_VERSION = 1.0;
				PRODUCT_BUNDLE_IDENTIFIER = benleung.weather;
				PRODUCT_NAME = "$(TARGET_NAME)";
				SWIFT_EMIT_LOC_STRINGS = YES;
				SWIFT_VERSION = 5.0;
				TARGETED_DEVICE_FAMILY = "1,2";
			};
			name = Release;
		};
		B57E965D282F508B001E7C31 /* Debug */ = {
			isa = XCBuildConfiguration;
			buildSettings = {
				ALWAYS_EMBED_SWIFT_STANDARD_LIBRARIES = YES;
				BUNDLE_LOADER = "$(TEST_HOST)";
				CODE_SIGN_STYLE = Automatic;
				CURRENT_PROJECT_VERSION = 1;
				GENERATE_INFOPLIST_FILE = YES;
				IPHONEOS_DEPLOYMENT_TARGET = 15.0;
				LD_RUNPATH_SEARCH_PATHS = (
					"$(inherited)",
					"@executable_path/Frameworks",
					"@loader_path/Frameworks",
				);
				MARKETING_VERSION = 1.0;
				PRODUCT_BUNDLE_IDENTIFIER = benleung.weatherTests;
				PRODUCT_NAME = "$(TARGET_NAME)";
				SWIFT_EMIT_LOC_STRINGS = NO;
				SWIFT_VERSION = 5.0;
				TARGETED_DEVICE_FAMILY = "1,2";
				TEST_HOST = "$(BUILT_PRODUCTS_DIR)/weather.app/weather";
			};
			name = Debug;
		};
		B57E965E282F508B001E7C31 /* Release */ = {
			isa = XCBuildConfiguration;
			buildSettings = {
				ALWAYS_EMBED_SWIFT_STANDARD_LIBRARIES = YES;
				BUNDLE_LOADER = "$(TEST_HOST)";
				CODE_SIGN_STYLE = Automatic;
				CURRENT_PROJECT_VERSION = 1;
				GENERATE_INFOPLIST_FILE = YES;
				IPHONEOS_DEPLOYMENT_TARGET = 15.0;
				LD_RUNPATH_SEARCH_PATHS = (
					"$(inherited)",
					"@executable_path/Frameworks",
					"@loader_path/Frameworks",
				);
				MARKETING_VERSION = 1.0;
				PRODUCT_BUNDLE_IDENTIFIER = benleung.weatherTests;
				PRODUCT_NAME = "$(TARGET_NAME)";
				SWIFT_EMIT_LOC_STRINGS = NO;
				SWIFT_VERSION = 5.0;
				TARGETED_DEVICE_FAMILY = "1,2";
				TEST_HOST = "$(BUILT_PRODUCTS_DIR)/weather.app/weather";
			};
			name = Release;
		};
		B57E9676282F51CC001E7C31 /* Debug */ = {
			isa = XCBuildConfiguration;
			buildSettings = {
				ASSETCATALOG_COMPILER_GLOBAL_ACCENT_COLOR_NAME = AccentColor;
				ASSETCATALOG_COMPILER_WIDGET_BACKGROUND_COLOR_NAME = WidgetBackground;
				CODE_SIGN_STYLE = Automatic;
				CURRENT_PROJECT_VERSION = 1;
				DEVELOPMENT_ASSET_PATHS = "";
				GENERATE_INFOPLIST_FILE = YES;
				INFOPLIST_FILE = weatherwidget/Info.plist;
				INFOPLIST_KEY_CFBundleDisplayName = weatherwidget;
				INFOPLIST_KEY_NSHumanReadableCopyright = "";
				LD_RUNPATH_SEARCH_PATHS = (
					"$(inherited)",
					"@executable_path/Frameworks",
					"@executable_path/../../Frameworks",
				);
				MARKETING_VERSION = 1.0;
				PRODUCT_BUNDLE_IDENTIFIER = benleung.weather.weatherwidget;
				PRODUCT_NAME = "$(TARGET_NAME)";
				SKIP_INSTALL = YES;
				SWIFT_EMIT_LOC_STRINGS = YES;
				SWIFT_VERSION = 5.0;
				TARGETED_DEVICE_FAMILY = "1,2";
			};
			name = Debug;
		};
		B57E9677282F51CC001E7C31 /* Release */ = {
			isa = XCBuildConfiguration;
			buildSettings = {
				ASSETCATALOG_COMPILER_GLOBAL_ACCENT_COLOR_NAME = AccentColor;
				ASSETCATALOG_COMPILER_WIDGET_BACKGROUND_COLOR_NAME = WidgetBackground;
				CODE_SIGN_STYLE = Automatic;
				CURRENT_PROJECT_VERSION = 1;
				DEVELOPMENT_ASSET_PATHS = "";
				GENERATE_INFOPLIST_FILE = YES;
				INFOPLIST_FILE = weatherwidget/Info.plist;
				INFOPLIST_KEY_CFBundleDisplayName = weatherwidget;
				INFOPLIST_KEY_NSHumanReadableCopyright = "";
				LD_RUNPATH_SEARCH_PATHS = (
					"$(inherited)",
					"@executable_path/Frameworks",
					"@executable_path/../../Frameworks",
				);
				MARKETING_VERSION = 1.0;
				PRODUCT_BUNDLE_IDENTIFIER = benleung.weather.weatherwidget;
				PRODUCT_NAME = "$(TARGET_NAME)";
				SKIP_INSTALL = YES;
				SWIFT_EMIT_LOC_STRINGS = YES;
				SWIFT_VERSION = 5.0;
				TARGETED_DEVICE_FAMILY = "1,2";
			};
			name = Release;
		};
/* End XCBuildConfiguration section */

/* Begin XCConfigurationList section */
		B57E962A282F508A001E7C31 /* Build configuration list for PBXProject "weather" */ = {
			isa = XCConfigurationList;
			buildConfigurations = (
				B57E9657282F508B001E7C31 /* Debug */,
				B57E9658282F508B001E7C31 /* Release */,
			);
			defaultConfigurationIsVisible = 0;
			defaultConfigurationName = Release;
		};
		B57E9659282F508B001E7C31 /* Build configuration list for PBXNativeTarget "weather" */ = {
			isa = XCConfigurationList;
			buildConfigurations = (
				B57E965A282F508B001E7C31 /* Debug */,
				B57E965B282F508B001E7C31 /* Release */,
			);
			defaultConfigurationIsVisible = 0;
			defaultConfigurationName = Release;
		};
		B57E965C282F508B001E7C31 /* Build configuration list for PBXNativeTarget "weatherTests" */ = {
			isa = XCConfigurationList;
			buildConfigurations = (
				B57E965D282F508B001E7C31 /* Debug */,
				B57E965E282F508B001E7C31 /* Release */,
			);
			defaultConfigurationIsVisible = 0;
			defaultConfigurationName = Release;
		};
		B57E9675282F51CC001E7C31 /* Build configuration list for PBXNativeTarget "weatherwidgetExtension" */ = {
			isa = XCConfigurationList;
			buildConfigurations = (
				B57E9676282F51CC001E7C31 /* Debug */,
				B57E9677282F51CC001E7C31 /* Release */,
			);
			defaultConfigurationIsVisible = 0;
			defaultConfigurationName = Release;
		};
/* End XCConfigurationList section */
	};
	rootObject = B57E9627282F508A001E7C31 /* Project object */;
}
